
Microsoft Visual Studio Solution File, Format Version 12.00
# Visual Studio Version 16
VisualStudioVersion = 16.0.30503.244
MinimumVisualStudioVersion = 10.0.40219.1
Project("{FAE04EC0-301F-11D3-BF4B-00C04F79EFBC}") = "WordCompletion", "WordCompletion\WordCompletion.csproj", "{CBB1A4CB-1BFD-430E-B6A9-E474355377F3}"
EndProject
Global
	GlobalSection(SolutionConfigurationPlatforms) = preSolution
		Debug|Any CPU = Debug|Any CPU
		Release|Any CPU = Release|Any CPU
	EndGlobalSection
	GlobalSection(ProjectConfigurationPlatforms) = postSolution
		{CBB1A4CB-1BFD-430E-B6A9-E474355377F3}.Debug|Any CPU.ActiveCfg = Debug|Any CPU
		{CBB1A4CB-1BFD-430E-B6A9-E474355377F3}.Debug|Any CPU.Build.0 = Debug|Any CPU
		{CBB1A4CB-1BFD-430E-B6A9-E474355377F3}.Release|Any CPU.ActiveCfg = Release|Any CPU
		{CBB1A4CB-1BFD-430E-B6A9-E474355377F3}.Release|Any CPU.Build.0 = Release|Any CPU
	EndGlobalSection
	GlobalSection(SolutionProperties) = preSolution
		HideSolutionNode = FALSE
	EndGlobalSection
	GlobalSection(ExtensibilityGlobals) = postSolution
		SolutionGuid = {32437797-F18E-4FC0-8801-7CD57460EE5A}
	EndGlobalSection
EndGlobal
